// !$*UTF8*$!
{
	archiveVersion = 1;
	classes = {
	};
	objectVersion = 51;
	objects = {

/* Begin PBXBuildFile section */
		275090A52343A07100558F94 /* AppDelegate.swift in Sources */ = {isa = PBXBuildFile; fileRef = 275090A42343A07100558F94 /* AppDelegate.swift */; };
		275090A72343A07100558F94 /* ViewController.swift in Sources */ = {isa = PBXBuildFile; fileRef = 275090A62343A07100558F94 /* ViewController.swift */; };
		275090AA2343A07100558F94 /* Main.storyboard in Resources */ = {isa = PBXBuildFile; fileRef = 275090A82343A07100558F94 /* Main.storyboard */; };
		275090AC2343A07700558F94 /* Assets.xcassets in Resources */ = {isa = PBXBuildFile; fileRef = 275090AB2343A07700558F94 /* Assets.xcassets */; };
		275090AF2343A07700558F94 /* LaunchScreen.storyboard in Resources */ = {isa = PBXBuildFile; fileRef = 275090AD2343A07700558F94 /* LaunchScreen.storyboard */; };
		27C8BA282343B13E00DE8BF1 /* TitleTableViewCell.swift in Sources */ = {isa = PBXBuildFile; fileRef = 27C8BA272343B13E00DE8BF1 /* TitleTableViewCell.swift */; };
		55436DDD57EF43B4D98DA07B /* Pods_ApiExample.framework in Frameworks */ = {isa = PBXBuildFile; fileRef = 64A3E8012F3BECD5E444BE64 /* Pods_ApiExample.framework */; };
/* End PBXBuildFile section */

/* Begin PBXFileReference section */
		127FA66BEB527BD16801C4BA /* Pods-ApiExample.debug.xcconfig */ = {isa = PBXFileReference; includeInIndex = 1; lastKnownFileType = text.xcconfig; name = "Pods-ApiExample.debug.xcconfig"; path = "Target Support Files/Pods-ApiExample/Pods-ApiExample.debug.xcconfig"; sourceTree = "<group>"; };
		275090A12343A07100558F94 /* ApiExample.app */ = {isa = PBXFileReference; explicitFileType = wrapper.application; includeInIndex = 0; path = ApiExample.app; sourceTree = BUILT_PRODUCTS_DIR; };
		275090A42343A07100558F94 /* AppDelegate.swift */ = {isa = PBXFileReference; lastKnownFileType = sourcecode.swift; path = AppDelegate.swift; sourceTree = "<group>"; };
		275090A62343A07100558F94 /* ViewController.swift */ = {isa = PBXFileReference; lastKnownFileType = sourcecode.swift; path = ViewController.swift; sourceTree = "<group>"; };
		275090A92343A07100558F94 /* Base */ = {isa = PBXFileReference; lastKnownFileType = file.storyboard; name = Base; path = Base.lproj/Main.storyboard; sourceTree = "<group>"; };
		275090AB2343A07700558F94 /* Assets.xcassets */ = {isa = PBXFileReference; lastKnownFileType = folder.assetcatalog; path = Assets.xcassets; sourceTree = "<group>"; };
		275090AE2343A07700558F94 /* Base */ = {isa = PBXFileReference; lastKnownFileType = file.storyboard; name = Base; path = Base.lproj/LaunchScreen.storyboard; sourceTree = "<group>"; };
		275090B02343A07700558F94 /* Info.plist */ = {isa = PBXFileReference; lastKnownFileType = text.plist.xml; path = Info.plist; sourceTree = "<group>"; };
		27C8BA272343B13E00DE8BF1 /* TitleTableViewCell.swift */ = {isa = PBXFileReference; lastKnownFileType = sourcecode.swift; path = TitleTableViewCell.swift; sourceTree = "<group>"; };
		64A3E8012F3BECD5E444BE64 /* Pods_ApiExample.framework */ = {isa = PBXFileReference; explicitFileType = wrapper.framework; includeInIndex = 0; path = Pods_ApiExample.framework; sourceTree = BUILT_PRODUCTS_DIR; };
		EB2C7C2AC64DCB7040075834 /* Pods-ApiExample.release.xcconfig */ = {isa = PBXFileReference; includeInIndex = 1; lastKnownFileType = text.xcconfig; name = "Pods-ApiExample.release.xcconfig"; path = "Target Support Files/Pods-ApiExample/Pods-ApiExample.release.xcconfig"; sourceTree = "<group>"; };
/* End PBXFileReference section */

/* Begin PBXFrameworksBuildPhase section */
		2750909E2343A07100558F94 /* Frameworks */ = {
			isa = PBXFrameworksBuildPhase;
			buildActionMask = 2147483647;
			files = (
				55436DDD57EF43B4D98DA07B /* Pods_ApiExample.framework in Frameworks */,
			);
			runOnlyForDeploymentPostprocessing = 0;
		};
/* End PBXFrameworksBuildPhase section */

/* Begin PBXGroup section */
		275090982343A07100558F94 = {
			isa = PBXGroup;
			children = (
				275090A32343A07100558F94 /* ApiExample */,
				275090A22343A07100558F94 /* Products */,
				32B2D9327F9A5AFB490E51A1 /* Pods */,
				8C98169159B192F49F7CE4E1 /* Frameworks */,
			);
			sourceTree = "<group>";
		};
		275090A22343A07100558F94 /* Products */ = {
			isa = PBXGroup;
			children = (
				275090A12343A07100558F94 /* ApiExample.app */,
			);
			name = Products;
			sourceTree = "<group>";
		};
		275090A32343A07100558F94 /* ApiExample */ = {
			isa = PBXGroup;
			children = (
				275090A42343A07100558F94 /* AppDelegate.swift */,
				275090A62343A07100558F94 /* ViewController.swift */,
				275090A82343A07100558F94 /* Main.storyboard */,
				275090AB2343A07700558F94 /* Assets.xcassets */,
				275090AD2343A07700558F94 /* LaunchScreen.storyboard */,
				275090B02343A07700558F94 /* Info.plist */,
				27C8BA272343B13E00DE8BF1 /* TitleTableViewCell.swift */,
			);
			path = ApiExample;
			sourceTree = "<group>";
		};
		32B2D9327F9A5AFB490E51A1 /* Pods */ = {
			isa = PBXGroup;
			children = (
				127FA66BEB527BD16801C4BA /* Pods-ApiExample.debug.xcconfig */,
				EB2C7C2AC64DCB7040075834 /* Pods-ApiExample.release.xcconfig */,
			);
			path = Pods;
			sourceTree = "<group>";
		};
		8C98169159B192F49F7CE4E1 /* Frameworks */ = {
			isa = PBXGroup;
			children = (
				64A3E8012F3BECD5E444BE64 /* Pods_ApiExample.framework */,
			);
			name = Frameworks;
			sourceTree = "<group>";
		};
/* End PBXGroup section */

/* Begin PBXNativeTarget section */
		275090A02343A07100558F94 /* ApiExample */ = {
			isa = PBXNativeTarget;
			buildConfigurationList = 275090B32343A07700558F94 /* Build configuration list for PBXNativeTarget "ApiExample" */;
			buildPhases = (
				137B30005B9BEA13347D26A6 /* [CP] Check Pods Manifest.lock */,
				2750909D2343A07100558F94 /* Sources */,
				2750909E2343A07100558F94 /* Frameworks */,
				2750909F2343A07100558F94 /* Resources */,
				27E887554B5107909A80B294 /* [CP] Embed Pods Frameworks */,
			);
			buildRules = (
			);
			dependencies = (
			);
			name = ApiExample;
			productName = ApiExample;
			productReference = 275090A12343A07100558F94 /* ApiExample.app */;
			productType = "com.apple.product-type.application";
		};
/* End PBXNativeTarget section */

/* Begin PBXProject section */
		275090992343A07100558F94 /* Project object */ = {
			isa = PBXProject;
			attributes = {
				LastSwiftUpdateCheck = 1030;
				LastUpgradeCheck = 1030;
				ORGANIZATIONNAME = "Dinara Sadykova";
				TargetAttributes = {
					275090A02343A07100558F94 = {
						CreatedOnToolsVersion = 10.3;
					};
				};
			};
			buildConfigurationList = 2750909C2343A07100558F94 /* Build configuration list for PBXProject "ApiExample" */;
			compatibilityVersion = "Xcode 9.3";
			developmentRegion = en;
			hasScannedForEncodings = 0;
			knownRegions = (
				en,
				Base,
			);
			mainGroup = 275090982343A07100558F94;
			productRefGroup = 275090A22343A07100558F94 /* Products */;
			projectDirPath = "";
			projectRoot = "";
			targets = (
				275090A02343A07100558F94 /* ApiExample */,
			);
		};
/* End PBXProject section */

/* Begin PBXResourcesBuildPhase section */
		2750909F2343A07100558F94 /* Resources */ = {
			isa = PBXResourcesBuildPhase;
			buildActionMask = 2147483647;
			files = (
				275090AF2343A07700558F94 /* LaunchScreen.storyboard in Resources */,
				275090AC2343A07700558F94 /* Assets.xcassets in Resources */,
				275090AA2343A07100558F94 /* Main.storyboard in Resources */,
			);
			runOnlyForDeploymentPostprocessing = 0;
		};
/* End PBXResourcesBuildPhase section */

/* Begin PBXShellScriptBuildPhase section */
		137B30005B9BEA13347D26A6 /* [CP] Check Pods Manifest.lock */ = {
			isa = PBXShellScriptBuildPhase;
			buildActionMask = 2147483647;
			files = (
			);
			inputFileListPaths = (
			);
			inputPaths = (
				"${PODS_PODFILE_DIR_PATH}/Podfile.lock",
				"${PODS_ROOT}/Manifest.lock",
			);
			name = "[CP] Check Pods Manifest.lock";
			outputFileListPaths = (
			);
			outputPaths = (
				"$(DERIVED_FILE_DIR)/Pods-ApiExample-checkManifestLockResult.txt",
			);
			runOnlyForDeploymentPostprocessing = 0;
			shellPath = /bin/sh;
			shellScript = "diff \"${PODS_PODFILE_DIR_PATH}/Podfile.lock\" \"${PODS_ROOT}/Manifest.lock\" > /dev/null\nif [ $? != 0 ] ; then\n    # print error to STDERR\n    echo \"error: The sandbox is not in sync with the Podfile.lock. Run 'pod install' or update your CocoaPods installation.\" >&2\n    exit 1\nfi\n# This output is used by Xcode 'outputs' to avoid re-running this script phase.\necho \"SUCCESS\" > \"${SCRIPT_OUTPUT_FILE_0}\"\n";
			showEnvVarsInLog = 0;
		};
		27E887554B5107909A80B294 /* [CP] Embed Pods Frameworks */ = {
			isa = PBXShellScriptBuildPhase;
			buildActionMask = 2147483647;
			files = (
			);
			inputFileListPaths = (
				"${PODS_ROOT}/Target Support Files/Pods-ApiExample/Pods-ApiExample-frameworks-${CONFIGURATION}-input-files.xcfilelist",
			);
			name = "[CP] Embed Pods Frameworks";
			outputFileListPaths = (
				"${PODS_ROOT}/Target Support Files/Pods-ApiExample/Pods-ApiExample-frameworks-${CONFIGURATION}-output-files.xcfilelist",
			);
			runOnlyForDeploymentPostprocessing = 0;
			shellPath = /bin/sh;
			shellScript = "\"${PODS_ROOT}/Target Support Files/Pods-ApiExample/Pods-ApiExample-frameworks.sh\"\n";
			showEnvVarsInLog = 0;
		};
/* End PBXShellScriptBuildPhase section */

/* Begin PBXSourcesBuildPhase section */
		2750909D2343A07100558F94 /* Sources */ = {
			isa = PBXSourcesBuildPhase;
			buildActionMask = 2147483647;
			files = (
				275090A72343A07100558F94 /* ViewController.swift in Sources */,
				27C8BA282343B13E00DE8BF1 /* TitleTableViewCell.swift in Sources */,
				275090A52343A07100558F94 /* AppDelegate.swift in Sources */,
			);
			runOnlyForDeploymentPostprocessing = 0;
		};
/* End PBXSourcesBuildPhase section */

/* Begin PBXVariantGroup section */
		275090A82343A07100558F94 /* Main.storyboard */ = {
			isa = PBXVariantGroup;
			children = (
				275090A92343A07100558F94 /* Base */,
			);
			name = Main.storyboard;
			sourceTree = "<group>";
		};
		275090AD2343A07700558F94 /* LaunchScreen.storyboard */ = {
			isa = PBXVariantGroup;
			children = (
				275090AE2343A07700558F94 /* Base */,
			);
			name = LaunchScreen.storyboard;
			sourceTree = "<group>";
		};
/* End PBXVariantGroup section */

/* Begin XCBuildConfiguration section */
		275090B12343A07700558F94 /* Debug */ = {
			isa = XCBuildConfiguration;
			buildSettings = {
				ALWAYS_SEARCH_USER_PATHS = NO;
				CLANG_ANALYZER_NONNULL = YES;
				CLANG_ANALYZER_NUMBER_OBJECT_CONVERSION = YES_AGGRESSIVE;
				CLANG_CXX_LANGUAGE_STANDARD = "gnu++14";
				CLANG_CXX_LIBRARY = "libc++";
				CLANG_ENABLE_MODULES = YES;
				CLANG_ENABLE_OBJC_ARC = YES;
				CLANG_ENABLE_OBJC_WEAK = YES;
				CLANG_WARN_BLOCK_CAPTURE_AUTORELEASING = YES;
				CLANG_WARN_BOOL_CONVERSION = YES;
				CLANG_WARN_COMMA = YES;
				CLANG_WARN_CONSTANT_CONVERSION = YES;
				CLANG_WARN_DEPRECATED_OBJC_IMPLEMENTATIONS = YES;
				CLANG_WARN_DIRECT_OBJC_ISA_USAGE = YES_ERROR;
				CLANG_WARN_DOCUMENTATION_COMMENTS = YES;
				CLANG_WARN_EMPTY_BODY = YES;
				CLANG_WARN_ENUM_CONVERSION = YES;
				CLANG_WARN_INFINITE_RECURSION = YES;
				CLANG_WARN_INT_CONVERSION = YES;
				CLANG_WARN_NON_LITERAL_NULL_CONVERSION = YES;
				CLANG_WARN_OBJC_IMPLICIT_RETAIN_SELF = YES;
				CLANG_WARN_OBJC_LITERAL_CONVERSION = YES;
				CLANG_WARN_OBJC_ROOT_CLASS = YES_ERROR;
				CLANG_WARN_RANGE_LOOP_ANALYSIS = YES;
				CLANG_WARN_STRICT_PROTOTYPES = YES;
				CLANG_WARN_SUSPICIOUS_MOVE = YES;
				CLANG_WARN_UNGUARDED_AVAILABILITY = YES_AGGRESSIVE;
				CLANG_WARN_UNREACHABLE_CODE = YES;
				CLANG_WARN__DUPLICATE_METHOD_MATCH = YES;
				CODE_SIGN_IDENTITY = "iPhone Developer";
				COPY_PHASE_STRIP = NO;
				DEBUG_INFORMATION_FORMAT = dwarf;
				ENABLE_STRICT_OBJC_MSGSEND = YES;
				ENABLE_TESTABILITY = YES;
				GCC_C_LANGUAGE_STANDARD = gnu11;
				GCC_DYNAMIC_NO_PIC = NO;
				GCC_NO_COMMON_BLOCKS = YES;
				GCC_OPTIMIZATION_LEVEL = 0;
				GCC_PREPROCESSOR_DEFINITIONS = (
					"DEBUG=1",
					"$(inherited)",
				);
				GCC_WARN_64_TO_32_BIT_CONVERSION = YES;
				GCC_WARN_ABOUT_RETURN_TYPE = YES_ERROR;
				GCC_WARN_UNDECLARED_SELECTOR = YES;
				GCC_WARN_UNINITIALIZED_AUTOS = YES_AGGRESSIVE;
				GCC_WARN_UNUSED_FUNCTION = YES;
				GCC_WARN_UNUSED_VARIABLE = YES;
				IPHONEOS_DEPLOYMENT_TARGET = 12.4;
				MTL_ENABLE_DEBUG_INFO = INCLUDE_SOURCE;
				MTL_FAST_MATH = YES;
				ONLY_ACTIVE_ARCH = YES;
				SDKROOT = iphoneos;
				SWIFT_ACTIVE_COMPILATION_CONDITIONS = DEBUG;
				SWIFT_OPTIMIZATION_LEVEL = "-Onone";
			};
			name = Debug;
		};
		275090B22343A07700558F94 /* Release */ = {
			isa = XCBuildConfiguration;
			buildSettings = {
				ALWAYS_SEARCH_USER_PATHS = NO;
				CLANG_ANALYZER_NONNULL = YES;
				CLANG_ANALYZER_NUMBER_OBJECT_CONVERSION = YES_AGGRESSIVE;
				CLANG_CXX_LANGUAGE_STANDARD = "gnu++14";
				CLANG_CXX_LIBRARY = "libc++";
				CLANG_ENABLE_MODULES = YES;
				CLANG_ENABLE_OBJC_ARC = YES;
				CLANG_ENABLE_OBJC_WEAK = YES;
				CLANG_WARN_BLOCK_CAPTURE_AUTORELEASING = YES;
				CLANG_WARN_BOOL_CONVERSION = YES;
				CLANG_WARN_COMMA = YES;
				CLANG_WARN_CONSTANT_CONVERSION = YES;
				CLANG_WARN_DEPRECATED_OBJC_IMPLEMENTATIONS = YES;
				CLANG_WARN_DIRECT_OBJC_ISA_USAGE = YES_ERROR;
				CLANG_WARN_DOCUMENTATION_COMMENTS = YES;
				CLANG_WARN_EMPTY_BODY = YES;
				CLANG_WARN_ENUM_CONVERSION = YES;
				CLANG_WARN_INFINITE_RECURSION = YES;
				CLANG_WARN_INT_CONVERSION = YES;
				CLANG_WARN_NON_LITERAL_NULL_CONVERSION = YES;
				CLANG_WARN_OBJC_IMPLICIT_RETAIN_SELF = YES;
				CLANG_WARN_OBJC_LITERAL_CONVERSION = YES;
				CLANG_WARN_OBJC_ROOT_CLASS = YES_ERROR;
				CLANG_WARN_RANGE_LOOP_ANALYSIS = YES;
				CLANG_WARN_STRICT_PROTOTYPES = YES;
				CLANG_WARN_SUSPICIOUS_MOVE = YES;
				CLANG_WARN_UNGUARDED_AVAILABILITY = YES_AGGRESSIVE;
				CLANG_WARN_UNREACHABLE_CODE = YES;
				CLANG_WARN__DUPLICATE_METHOD_MATCH = YES;
				CODE_SIGN_IDENTITY = "iPhone Developer";
				COPY_PHASE_STRIP = NO;
				DEBUG_INFORMATION_FORMAT = "dwarf-with-dsym";
				ENABLE_NS_ASSERTIONS = NO;
				ENABLE_STRICT_OBJC_MSGSEND = YES;
				GCC_C_LANGUAGE_STANDARD = gnu11;
				GCC_NO_COMMON_BLOCKS = YES;
				GCC_WARN_64_TO_32_BIT_CONVERSION = YES;
				GCC_WARN_ABOUT_RETURN_TYPE = YES_ERROR;
				GCC_WARN_UNDECLARED_SELECTOR = YES;
				GCC_WARN_UNINITIALIZED_AUTOS = YES_AGGRESSIVE;
				GCC_WARN_UNUSED_FUNCTION = YES;
				GCC_WARN_UNUSED_VARIABLE = YES;
				IPHONEOS_DEPLOYMENT_TARGET = 12.4;
				MTL_ENABLE_DEBUG_INFO = NO;
				MTL_FAST_MATH = YES;
				SDKROOT = iphoneos;
				SWIFT_COMPILATION_MODE = wholemodule;
				SWIFT_OPTIMIZATION_LEVEL = "-O";
				VALIDATE_PRODUCT = YES;
			};
			name = Release;
		};
		275090B42343A07700558F94 /* Debug */ = {
			isa = XCBuildConfiguration;
			baseConfigurationReference = 127FA66BEB527BD16801C4BA /* Pods-ApiExample.debug.xcconfig */;
			buildSettings = {
				ASSETCATALOG_COMPILER_APPICON_NAME = AppIcon;
				CODE_SIGN_STYLE = Automatic;
				INFOPLIST_FILE = ApiExample/Info.plist;
				LD_RUNPATH_SEARCH_PATHS = (
					"$(inherited)",
					"@executable_path/Frameworks",
				);
				PRODUCT_BUNDLE_IDENTIFIER = com.madendinara.ApiExample;
				PRODUCT_NAME = "$(TARGET_NAME)";
				SWIFT_VERSION = 5.0;
				TARGETED_DEVICE_FAMILY = "1,2";
			};
			name = Debug;
		};
		275090B52343A07700558F94 /* Release */ = {
			isa = XCBuildConfiguration;
			baseConfigurationReference = EB2C7C2AC64DCB7040075834 /* Pods-ApiExample.release.xcconfig */;
			buildSettings = {
				ASSETCATALOG_COMPILER_APPICON_NAME = AppIcon;
				CODE_SIGN_STYLE = Automatic;
				INFOPLIST_FILE = ApiExample/Info.plist;
				LD_RUNPATH_SEARCH_PATHS = (
					"$(inherited)",
					"@executable_path/Frameworks",
				);
				PRODUCT_BUNDLE_IDENTIFIER = com.madendinara.ApiExample;
				PRODUCT_NAME = "$(TARGET_NAME)";
				SWIFT_VERSION = 5.0;
				TARGETED_DEVICE_FAMILY = "1,2";
			};
			name = Release;
		};
/* End XCBuildConfiguration section */

/* Begin XCConfigurationList section */
		2750909C2343A07100558F94 /* Build configuration list for PBXProject "ApiExample" */ = {
			isa = XCConfigurationList;
			buildConfigurations = (
				275090B12343A07700558F94 /* Debug */,
				275090B22343A07700558F94 /* Release */,
			);
			defaultConfigurationIsVisible = 0;
			defaultConfigurationName = Release;
		};
		275090B32343A07700558F94 /* Build configuration list for PBXNativeTarget "ApiExample" */ = {
			isa = XCConfigurationList;
			buildConfigurations = (
				275090B42343A07700558F94 /* Debug */,
				275090B52343A07700558F94 /* Release */,
			);
			defaultConfigurationIsVisible = 0;
			defaultConfigurationName = Release;
		};
/* End XCConfigurationList section */
	};
	rootObject = 275090992343A07100558F94 /* Project object */;
}
